
Microsoft Visual Studio Solution File, Format Version 12.00
# Visual Studio Version 17
VisualStudioVersion = 17.4.33122.133
MinimumVisualStudioVersion = 10.0.40219.1
Project("{9A19103F-16F7-4668-BE54-9A1E7A4F7556}") = "Day1", "Day1\Day1.csproj", "{79B65FB5-1B54-4D40-8231-C52BB53F0EE9}"
EndProject
Project("{9A19103F-16F7-4668-BE54-9A1E7A4F7556}") = "Day2", "Day2\Day2.csproj", "{7C589AE8-77C4-46FE-A0C9-1260AE654C59}"
EndProject
Project("{9A19103F-16F7-4668-BE54-9A1E7A4F7556}") = "Day3", "Day3\Day3.csproj", "{D5DB12E8-4DF3-42DD-B52B-3774D579F207}"
EndProject
Project("{FAE04EC0-301F-11D3-BF4B-00C04F79EFBC}") = "Day4", "Day4\Day4.csproj", "{A9F45405-1002-467E-BE3F-458D97BCF805}"
EndProject
Global
	GlobalSection(SolutionConfigurationPlatforms) = preSolution
		Debug|Any CPU = Debug|Any CPU
		Release|Any CPU = Release|Any CPU
	EndGlobalSection
	GlobalSection(ProjectConfigurationPlatforms) = postSolution
		{79B65FB5-1B54-4D40-8231-C52BB53F0EE9}.Debug|Any CPU.ActiveCfg = Debug|Any CPU
		{79B65FB5-1B54-4D40-8231-C52BB53F0EE9}.Debug|Any CPU.Build.0 = Debug|Any CPU
		{79B65FB5-1B54-4D40-8231-C52BB53F0EE9}.Release|Any CPU.ActiveCfg = Release|Any CPU
		{79B65FB5-1B54-4D40-8231-C52BB53F0EE9}.Release|Any CPU.Build.0 = Release|Any CPU
		{7C589AE8-77C4-46FE-A0C9-1260AE654C59}.Debug|Any CPU.ActiveCfg = Debug|Any CPU
		{7C589AE8-77C4-46FE-A0C9-1260AE654C59}.Debug|Any CPU.Build.0 = Debug|Any CPU
		{7C589AE8-77C4-46FE-A0C9-1260AE654C59}.Release|Any CPU.ActiveCfg = Release|Any CPU
		{7C589AE8-77C4-46FE-A0C9-1260AE654C59}.Release|Any CPU.Build.0 = Release|Any CPU
		{D5DB12E8-4DF3-42DD-B52B-3774D579F207}.Debug|Any CPU.ActiveCfg = Debug|Any CPU
		{D5DB12E8-4DF3-42DD-B52B-3774D579F207}.Debug|Any CPU.Build.0 = Debug|Any CPU
		{D5DB12E8-4DF3-42DD-B52B-3774D579F207}.Release|Any CPU.ActiveCfg = Release|Any CPU
		{D5DB12E8-4DF3-42DD-B52B-3774D579F207}.Release|Any CPU.Build.0 = Release|Any CPU
		{A9F45405-1002-467E-BE3F-458D97BCF805}.Debug|Any CPU.ActiveCfg = Debug|Any CPU
		{A9F45405-1002-467E-BE3F-458D97BCF805}.Debug|Any CPU.Build.0 = Debug|Any CPU
		{A9F45405-1002-467E-BE3F-458D97BCF805}.Release|Any CPU.ActiveCfg = Release|Any CPU
		{A9F45405-1002-467E-BE3F-458D97BCF805}.Release|Any CPU.Build.0 = Release|Any CPU
	EndGlobalSection
	GlobalSection(SolutionProperties) = preSolution
		HideSolutionNode = FALSE
	EndGlobalSection
	GlobalSection(ExtensibilityGlobals) = postSolution
		SolutionGuid = {06DEF401-6AAA-4B24-9DD4-8248BBB2EEA8}
	EndGlobalSection
EndGlobal
